
Microsoft Visual Studio Solution File, Format Version 12.00
# Visual Studio Version 17
VisualStudioVersion = 17.7.34024.191
MinimumVisualStudioVersion = 10.0.40219.1
Project("{00D1A9C2-B5F0-4AF3-8072-F6C62B433612}") = "ProjectDBO2023", "ProjectDBO2023\ProjectDBO2023.sqlproj", "{837F17FE-1B71-4410-837A-C99F23D2A3E3}"
EndProject
Global
	GlobalSection(SolutionConfigurationPlatforms) = preSolution
		Debug|Any CPU = Debug|Any CPU
		Release|Any CPU = Release|Any CPU
	EndGlobalSection
	GlobalSection(ProjectConfigurationPlatforms) = postSolution
		{837F17FE-1B71-4410-837A-C99F23D2A3E3}.Debug|Any CPU.ActiveCfg = Debug|Any CPU
		{837F17FE-1B71-4410-837A-C99F23D2A3E3}.Debug|Any CPU.Build.0 = Debug|Any CPU
		{837F17FE-1B71-4410-837A-C99F23D2A3E3}.Debug|Any CPU.Deploy.0 = Debug|Any CPU
		{837F17FE-1B71-4410-837A-C99F23D2A3E3}.Release|Any CPU.ActiveCfg = Release|Any CPU
		{837F17FE-1B71-4410-837A-C99F23D2A3E3}.Release|Any CPU.Build.0 = Release|Any CPU
		{837F17FE-1B71-4410-837A-C99F23D2A3E3}.Release|Any CPU.Deploy.0 = Release|Any CPU
	EndGlobalSection
	GlobalSection(SolutionProperties) = preSolution
		HideSolutionNode = FALSE
	EndGlobalSection
	GlobalSection(ExtensibilityGlobals) = postSolution
		SolutionGuid = {29DE65CE-2092-4FEB-B52A-F666A93A7D83}
	EndGlobalSection
EndGlobal
